# THIS IS AN AUTOGENERATED FILE. DO NOT EDIT THIS FILE DIRECTLY.
# yarn lockfile v1


async@^2.6.0:
  version "2.6.0"
  resolved "https://registry.yarnpkg.com/async/-/async-2.6.0.tgz#61a29abb6fcc026fea77e56d1c6ec53a795951f4"
  dependencies:
    lodash "^4.14.0"

beautify-benchmark@^0.2.4:
  version "0.2.4"
  resolved "https://registry.yarnpkg.com/beautify-benchmark/-/beautify-benchmark-0.2.4.tgz#3151def14c1a2e0d07ff2e476861c7ed0e1ae39b"

benchmark@^2.1.4:
  version "2.1.4"
  resolved "https://registry.yarnpkg.com/benchmark/-/benchmark-2.1.4.tgz#09f3de31c916425d498cc2ee565a0ebf3c2a5629"
  dependencies:
    lodash "^4.17.4"
    platform "^1.3.3"

express-physical@^0.4.0:
  version "0.4.0"
  resolved "https://registry.yarnpkg.com/express-physical/-/express-physical-0.4.0.tgz#e11f1aa339b9d961814f70070fb67144253aad33"
  dependencies:
    async "^2.6.0"
    ramda "^0.25.0"
    snakecase-keys "^1.1.0"
    spected "^0.6.0"

lodash@^4.14.0, lodash@^4.17.4:
  version "4.17.4"
  resolved "https://registry.yarnpkg.com/lodash/-/lodash-4.17.4.tgz#78203a4d1c328ae1d86dca6460e369b57f4055ae"

map-obj@~2.0.0:
  version "2.0.0"
  resolved "https://registry.yarnpkg.com/map-obj/-/map-obj-2.0.0.tgz#a65cd29087a92598b8791257a523e021222ac1f9"

platform@^1.3.3:
  version "1.3.4"
  resolved "https://registry.yarnpkg.com/platform/-/platform-1.3.4.tgz#6f0fb17edaaa48f21442b3a975c063130f1c3ebd"

ramda@^0.24.1:
  version "0.24.1"
  resolved "https://registry.yarnpkg.com/ramda/-/ramda-0.24.1.tgz#c3b7755197f35b8dc3502228262c4c91ddb6b857"

ramda@^0.25.0:
  version "0.25.0"
  resolved "https://registry.yarnpkg.com/ramda/-/ramda-0.25.0.tgz#8fdf68231cffa90bc2f9460390a0cb74a29b29a9"

snakecase-keys@^1.1.0:
  version "1.1.0"
  resolved "https://registry.yarnpkg.com/snakecase-keys/-/snakecase-keys-1.1.0.tgz#1adb17ddf7531c210cc293336f93d0ef1f8e73b8"
  dependencies:
    map-obj "~2.0.0"
    to-snake-case "~0.1.2"

spected@^0.6.0:
  version "0.6.0"
  resolved "https://registry.yarnpkg.com/spected/-/spected-0.6.0.tgz#c725dab32d6020ef7f2fb081e178c08b0618740f"
  dependencies:
    ramda "^0.24.1"

to-no-case@0.1.1:
  version "0.1.1"
  resolved "https://registry.yarnpkg.com/to-no-case/-/to-no-case-0.1.1.tgz#cf33c70e0f28168d95e4159abf150e8c542ef9fe"

to-snake-case@~0.1.2:
  version "0.1.2"
  resolved "https://registry.yarnpkg.com/to-snake-case/-/to-snake-case-0.1.2.tgz#d047b6dbf048dae1bdc260b3c296f54ca34eed7c"
  dependencies:
    to-space-case "0.1.2"

to-space-case@0.1.2:
  version "0.1.2"
  resolved "https://registry.yarnpkg.com/to-space-case/-/to-space-case-0.1.2.tgz#9a66be3ebe53f2779f687f0262effd1fc5b6d15e"
  dependencies:
    to-no-case "0.1.1"
